
Microsoft Visual Studio Solution File, Format Version 12.00
# Visual Studio Version 17
VisualStudioVersion = 17.14.36310.24 d17.14
MinimumVisualStudioVersion = 10.0.40219.1
Project("{54A90642-561A-4BB1-A94E-469ADEE60C69}") = "urbansync.client", "urbansync.client\urbansync.client.esproj", "{712F8E21-F289-96CD-1560-C747E900BF4D}"
EndProject
Project("{FAE04EC0-301F-11D3-BF4B-00C04F79EFBC}") = "UrbanSync.Server", "UrbanSync.Server\UrbanSync.Server.csproj", "{27573438-94A3-4DDB-B3AD-73A7B2B12F7C}"
EndProject
Global
	GlobalSection(SolutionConfigurationPlatforms) = preSolution
		Debug|Any CPU = Debug|Any CPU
		Release|Any CPU = Release|Any CPU
	EndGlobalSection
	GlobalSection(ProjectConfigurationPlatforms) = postSolution
		{712F8E21-F289-96CD-1560-C747E900BF4D}.Debug|Any CPU.ActiveCfg = Debug|Any CPU
		{712F8E21-F289-96CD-1560-C747E900BF4D}.Debug|Any CPU.Build.0 = Debug|Any CPU
		{712F8E21-F289-96CD-1560-C747E900BF4D}.Debug|Any CPU.Deploy.0 = Debug|Any CPU
		{712F8E21-F289-96CD-1560-C747E900BF4D}.Release|Any CPU.ActiveCfg = Release|Any CPU
		{712F8E21-F289-96CD-1560-C747E900BF4D}.Release|Any CPU.Build.0 = Release|Any CPU
		{712F8E21-F289-96CD-1560-C747E900BF4D}.Release|Any CPU.Deploy.0 = Release|Any CPU
		{27573438-94A3-4DDB-B3AD-73A7B2B12F7C}.Debug|Any CPU.ActiveCfg = Debug|Any CPU
		{27573438-94A3-4DDB-B3AD-73A7B2B12F7C}.Debug|Any CPU.Build.0 = Debug|Any CPU
		{27573438-94A3-4DDB-B3AD-73A7B2B12F7C}.Release|Any CPU.ActiveCfg = Release|Any CPU
		{27573438-94A3-4DDB-B3AD-73A7B2B12F7C}.Release|Any CPU.Build.0 = Release|Any CPU
	EndGlobalSection
	GlobalSection(SolutionProperties) = preSolution
		HideSolutionNode = FALSE
	EndGlobalSection
	GlobalSection(ExtensibilityGlobals) = postSolution
		SolutionGuid = {E1059A44-B15E-4454-A735-07BC107A98B2}
	EndGlobalSection
EndGlobal
